
Microsoft Visual Studio Solution File, Format Version 12.00
# Visual Studio Version 16
VisualStudioVersion = 16.0.33423.256
MinimumVisualStudioVersion = 10.0.40219.1
Project("{FAE04EC0-301F-11D3-BF4B-00C04F79EFBC}") = "ShopLinhKien", "ShopLinhKien\ShopLinhKien.csproj", "{878660C2-438E-4045-9303-600A4AB381A4}"
EndProject
Global
	GlobalSection(SolutionConfigurationPlatforms) = preSolution
		Debug|Any CPU = Debug|Any CPU
		Release|Any CPU = Release|Any CPU
	EndGlobalSection
	GlobalSection(ProjectConfigurationPlatforms) = postSolution
		{878660C2-438E-4045-9303-600A4AB381A4}.Debug|Any CPU.ActiveCfg = Debug|Any CPU
		{878660C2-438E-4045-9303-600A4AB381A4}.Debug|Any CPU.Build.0 = Debug|Any CPU
		{878660C2-438E-4045-9303-600A4AB381A4}.Release|Any CPU.ActiveCfg = Release|Any CPU
		{878660C2-438E-4045-9303-600A4AB381A4}.Release|Any CPU.Build.0 = Release|Any CPU
	EndGlobalSection
	GlobalSection(SolutionProperties) = preSolution
		HideSolutionNode = FALSE
	EndGlobalSection
	GlobalSection(ExtensibilityGlobals) = postSolution
		SolutionGuid = {5CEAE623-DBAF-4671-B0B9-8169811325C4}
	EndGlobalSection
EndGlobal
